
Microsoft Visual Studio Solution File, Format Version 12.00
# Visual Studio Version 17
VisualStudioVersion = 17.2.32630.192
MinimumVisualStudioVersion = 10.0.40219.1
Project("{FAE04EC0-301F-11D3-BF4B-00C04F79EFBC}") = "ConsoleChatClient", "ConsoleConsoleChat\ConsoleChatClient.csproj", "{42D796BD-68A5-4B4D-8642-943A731BE53B}"
EndProject
Global
	GlobalSection(SolutionConfigurationPlatforms) = preSolution
		Debug|Any CPU = Debug|Any CPU
		Release|Any CPU = Release|Any CPU
	EndGlobalSection
	GlobalSection(ProjectConfigurationPlatforms) = postSolution
		{42D796BD-68A5-4B4D-8642-943A731BE53B}.Debug|Any CPU.ActiveCfg = Debug|Any CPU
		{42D796BD-68A5-4B4D-8642-943A731BE53B}.Debug|Any CPU.Build.0 = Debug|Any CPU
		{42D796BD-68A5-4B4D-8642-943A731BE53B}.Release|Any CPU.ActiveCfg = Release|Any CPU
		{42D796BD-68A5-4B4D-8642-943A731BE53B}.Release|Any CPU.Build.0 = Release|Any CPU
	EndGlobalSection
	GlobalSection(SolutionProperties) = preSolution
		HideSolutionNode = FALSE
	EndGlobalSection
	GlobalSection(ExtensibilityGlobals) = postSolution
		SolutionGuid = {36D36538-5925-4B22-80CB-2A422870EECD}
	EndGlobalSection
EndGlobal
